
Microsoft Visual Studio Solution File, Format Version 12.00
# Visual Studio Version 16
VisualStudioVersion = 16.0.30523.141
MinimumVisualStudioVersion = 10.0.40219.1
Project("{FAE04EC0-301F-11D3-BF4B-00C04F79EFBC}") = "L04", "L04.csproj", "{4526A0D6-BD9E-485F-87F0-671301E300A4}"
EndProject
Global
	GlobalSection(SolutionConfigurationPlatforms) = preSolution
		Debug|Any CPU = Debug|Any CPU
		Release|Any CPU = Release|Any CPU
	EndGlobalSection
	GlobalSection(ProjectConfigurationPlatforms) = postSolution
		{4526A0D6-BD9E-485F-87F0-671301E300A4}.Debug|Any CPU.ActiveCfg = Debug|Any CPU
		{4526A0D6-BD9E-485F-87F0-671301E300A4}.Debug|Any CPU.Build.0 = Debug|Any CPU
		{4526A0D6-BD9E-485F-87F0-671301E300A4}.Release|Any CPU.ActiveCfg = Release|Any CPU
		{4526A0D6-BD9E-485F-87F0-671301E300A4}.Release|Any CPU.Build.0 = Release|Any CPU
	EndGlobalSection
	GlobalSection(SolutionProperties) = preSolution
		HideSolutionNode = FALSE
	EndGlobalSection
	GlobalSection(ExtensibilityGlobals) = postSolution
		SolutionGuid = {007C1979-EC7B-4E26-8AD6-BE18A1C09AB8}
	EndGlobalSection
EndGlobal
